// !$*UTF8*$!
{
	archiveVersion = 1;
	classes = {
	};
	objectVersion = 56;
	objects = {

/* Begin PBXBuildFile section */
		9309528E299DD5D400D75175 /* BetterCalendar1_1App.swift in Sources */ = {isa = PBXBuildFile; fileRef = 9309528D299DD5D400D75175 /* BetterCalendar1_1App.swift */; };
		93095290299DD5D400D75175 /* ContentView.swift in Sources */ = {isa = PBXBuildFile; fileRef = 9309528F299DD5D400D75175 /* ContentView.swift */; };
		93095292299DD5D600D75175 /* Assets.xcassets in Resources */ = {isa = PBXBuildFile; fileRef = 93095291299DD5D600D75175 /* Assets.xcassets */; };
		93095295299DD5D600D75175 /* Preview Assets.xcassets in Resources */ = {isa = PBXBuildFile; fileRef = 93095294299DD5D600D75175 /* Preview Assets.xcassets */; };
		9309529F299DD5D600D75175 /* BetterCalendar1_1Tests.swift in Sources */ = {isa = PBXBuildFile; fileRef = 9309529E299DD5D600D75175 /* BetterCalendar1_1Tests.swift */; };
		930952A9299DD5D600D75175 /* BetterCalendar1_1UITests.swift in Sources */ = {isa = PBXBuildFile; fileRef = 930952A8299DD5D600D75175 /* BetterCalendar1_1UITests.swift */; };
		930952AB299DD5D600D75175 /* BetterCalendar1_1UITestsLaunchTests.swift in Sources */ = {isa = PBXBuildFile; fileRef = 930952AA299DD5D600D75175 /* BetterCalendar1_1UITestsLaunchTests.swift */; };
		930952B829A0400D00D75175 /* ToDoView.swift in Sources */ = {isa = PBXBuildFile; fileRef = 930952B729A0400D00D75175 /* ToDoView.swift */; };
		930952BC29A0406100D75175 /* MainData.swift in Sources */ = {isa = PBXBuildFile; fileRef = 930952BB29A0406100D75175 /* MainData.swift */; };
		930952BE29A0408300D75175 /* MainView.swift in Sources */ = {isa = PBXBuildFile; fileRef = 930952BD29A0408300D75175 /* MainView.swift */; };
		930952C029A0417000D75175 /* TopBarView.swift in Sources */ = {isa = PBXBuildFile; fileRef = 930952BF29A0417000D75175 /* TopBarView.swift */; };
		930952C229A0417D00D75175 /* TopBarData.swift in Sources */ = {isa = PBXBuildFile; fileRef = 930952C129A0417D00D75175 /* TopBarData.swift */; };
		930952C829A0607C00D75175 /* NewTaskView.swift in Sources */ = {isa = PBXBuildFile; fileRef = 930952C729A0607C00D75175 /* NewTaskView.swift */; };
		930952CA29A0609100D75175 /* NewTaskData.swift in Sources */ = {isa = PBXBuildFile; fileRef = 930952C929A0609100D75175 /* NewTaskData.swift */; };
		93A5ED1529A82F6700FD9A63 /* ToDoVariables.swift in Sources */ = {isa = PBXBuildFile; fileRef = 93A5ED1429A82F6700FD9A63 /* ToDoVariables.swift */; };
		93A5ED1929A82F8500FD9A63 /* ToDoStructs.swift in Sources */ = {isa = PBXBuildFile; fileRef = 93A5ED1829A82F8500FD9A63 /* ToDoStructs.swift */; };
		93A5ED1B29A8302C00FD9A63 /* ToDoFunctionsAlgoritms.swift in Sources */ = {isa = PBXBuildFile; fileRef = 93A5ED1A29A8302C00FD9A63 /* ToDoFunctionsAlgoritms.swift */; };
		93A5ED1D29A8304C00FD9A63 /* ToDoFunctionsViews.swift in Sources */ = {isa = PBXBuildFile; fileRef = 93A5ED1C29A8304C00FD9A63 /* ToDoFunctionsViews.swift */; };
		93A5ED2329AD7B4700FD9A63 /* CalanderView.swift in Sources */ = {isa = PBXBuildFile; fileRef = 93A5ED2229AD7B4700FD9A63 /* CalanderView.swift */; };
/* End PBXBuildFile section */

/* Begin PBXContainerItemProxy section */
		9309529B299DD5D600D75175 /* PBXContainerItemProxy */ = {
			isa = PBXContainerItemProxy;
			containerPortal = 93095282299DD5D400D75175 /* Project object */;
			proxyType = 1;
			remoteGlobalIDString = 93095289299DD5D400D75175;
			remoteInfo = BetterCalendar1.1;
		};
		930952A5299DD5D600D75175 /* PBXContainerItemProxy */ = {
			isa = PBXContainerItemProxy;
			containerPortal = 93095282299DD5D400D75175 /* Project object */;
			proxyType = 1;
			remoteGlobalIDString = 93095289299DD5D400D75175;
			remoteInfo = BetterCalendar1.1;
		};
/* End PBXContainerItemProxy section */

/* Begin PBXFileReference section */
		9309528A299DD5D400D75175 /* BetterCalendar1.1.app */ = {isa = PBXFileReference; explicitFileType = wrapper.application; includeInIndex = 0; path = BetterCalendar1.1.app; sourceTree = BUILT_PRODUCTS_DIR; };
		9309528D299DD5D400D75175 /* BetterCalendar1_1App.swift */ = {isa = PBXFileReference; lastKnownFileType = sourcecode.swift; path = BetterCalendar1_1App.swift; sourceTree = "<group>"; };
		9309528F299DD5D400D75175 /* ContentView.swift */ = {isa = PBXFileReference; lastKnownFileType = sourcecode.swift; path = ContentView.swift; sourceTree = "<group>"; };
		93095291299DD5D600D75175 /* Assets.xcassets */ = {isa = PBXFileReference; lastKnownFileType = folder.assetcatalog; path = Assets.xcassets; sourceTree = "<group>"; };
		93095294299DD5D600D75175 /* Preview Assets.xcassets */ = {isa = PBXFileReference; lastKnownFileType = folder.assetcatalog; path = "Preview Assets.xcassets"; sourceTree = "<group>"; };
		9309529A299DD5D600D75175 /* BetterCalendar1.1Tests.xctest */ = {isa = PBXFileReference; explicitFileType = wrapper.cfbundle; includeInIndex = 0; path = BetterCalendar1.1Tests.xctest; sourceTree = BUILT_PRODUCTS_DIR; };
		9309529E299DD5D600D75175 /* BetterCalendar1_1Tests.swift */ = {isa = PBXFileReference; lastKnownFileType = sourcecode.swift; path = BetterCalendar1_1Tests.swift; sourceTree = "<group>"; };
		930952A4299DD5D600D75175 /* BetterCalendar1.1UITests.xctest */ = {isa = PBXFileReference; explicitFileType = wrapper.cfbundle; includeInIndex = 0; path = BetterCalendar1.1UITests.xctest; sourceTree = BUILT_PRODUCTS_DIR; };
		930952A8299DD5D600D75175 /* BetterCalendar1_1UITests.swift */ = {isa = PBXFileReference; lastKnownFileType = sourcecode.swift; path = BetterCalendar1_1UITests.swift; sourceTree = "<group>"; };
		930952AA299DD5D600D75175 /* BetterCalendar1_1UITestsLaunchTests.swift */ = {isa = PBXFileReference; lastKnownFileType = sourcecode.swift; path = BetterCalendar1_1UITestsLaunchTests.swift; sourceTree = "<group>"; };
		930952B729A0400D00D75175 /* ToDoView.swift */ = {isa = PBXFileReference; lastKnownFileType = sourcecode.swift; path = ToDoView.swift; sourceTree = "<group>"; };
		930952BB29A0406100D75175 /* MainData.swift */ = {isa = PBXFileReference; lastKnownFileType = sourcecode.swift; path = MainData.swift; sourceTree = "<group>"; };
		930952BD29A0408300D75175 /* MainView.swift */ = {isa = PBXFileReference; lastKnownFileType = sourcecode.swift; path = MainView.swift; sourceTree = "<group>"; };
		930952BF29A0417000D75175 /* TopBarView.swift */ = {isa = PBXFileReference; lastKnownFileType = sourcecode.swift; path = TopBarView.swift; sourceTree = "<group>"; };
		930952C129A0417D00D75175 /* TopBarData.swift */ = {isa = PBXFileReference; lastKnownFileType = sourcecode.swift; path = TopBarData.swift; sourceTree = "<group>"; };
		930952C729A0607C00D75175 /* NewTaskView.swift */ = {isa = PBXFileReference; lastKnownFileType = sourcecode.swift; path = NewTaskView.swift; sourceTree = "<group>"; };
		930952C929A0609100D75175 /* NewTaskData.swift */ = {isa = PBXFileReference; lastKnownFileType = sourcecode.swift; path = NewTaskData.swift; sourceTree = "<group>"; };
		93A5ED1429A82F6700FD9A63 /* ToDoVariables.swift */ = {isa = PBXFileReference; lastKnownFileType = sourcecode.swift; path = ToDoVariables.swift; sourceTree = "<group>"; };
		93A5ED1829A82F8500FD9A63 /* ToDoStructs.swift */ = {isa = PBXFileReference; lastKnownFileType = sourcecode.swift; path = ToDoStructs.swift; sourceTree = "<group>"; };
		93A5ED1A29A8302C00FD9A63 /* ToDoFunctionsAlgoritms.swift */ = {isa = PBXFileReference; lastKnownFileType = sourcecode.swift; path = ToDoFunctionsAlgoritms.swift; sourceTree = "<group>"; };
		93A5ED1C29A8304C00FD9A63 /* ToDoFunctionsViews.swift */ = {isa = PBXFileReference; lastKnownFileType = sourcecode.swift; path = ToDoFunctionsViews.swift; sourceTree = "<group>"; };
		93A5ED2229AD7B4700FD9A63 /* CalanderView.swift */ = {isa = PBXFileReference; lastKnownFileType = sourcecode.swift; path = CalanderView.swift; sourceTree = "<group>"; };
/* End PBXFileReference section */

/* Begin PBXFrameworksBuildPhase section */
		93095287299DD5D400D75175 /* Frameworks */ = {
			isa = PBXFrameworksBuildPhase;
			buildActionMask = 2147483647;
			files = (
			);
			runOnlyForDeploymentPostprocessing = 0;
		};
		93095297299DD5D600D75175 /* Frameworks */ = {
			isa = PBXFrameworksBuildPhase;
			buildActionMask = 2147483647;
			files = (
			);
			runOnlyForDeploymentPostprocessing = 0;
		};
		930952A1299DD5D600D75175 /* Frameworks */ = {
			isa = PBXFrameworksBuildPhase;
			buildActionMask = 2147483647;
			files = (
			);
			runOnlyForDeploymentPostprocessing = 0;
		};
/* End PBXFrameworksBuildPhase section */

/* Begin PBXGroup section */
		93095281299DD5D400D75175 = {
			isa = PBXGroup;
			children = (
				9309528C299DD5D400D75175 /* BetterCalendar1.1 */,
				9309529D299DD5D600D75175 /* BetterCalendar1.1Tests */,
				930952A7299DD5D600D75175 /* BetterCalendar1.1UITests */,
				9309528B299DD5D400D75175 /* Products */,
			);
			sourceTree = "<group>";
		};
		9309528B299DD5D400D75175 /* Products */ = {
			isa = PBXGroup;
			children = (
				9309528A299DD5D400D75175 /* BetterCalendar1.1.app */,
				9309529A299DD5D600D75175 /* BetterCalendar1.1Tests.xctest */,
				930952A4299DD5D600D75175 /* BetterCalendar1.1UITests.xctest */,
			);
			name = Products;
			sourceTree = "<group>";
		};
		9309528C299DD5D400D75175 /* BetterCalendar1.1 */ = {
			isa = PBXGroup;
			children = (
				9309528D299DD5D400D75175 /* BetterCalendar1_1App.swift */,
				9309528F299DD5D400D75175 /* ContentView.swift */,
				930952C329A052EE00D75175 /* Main Group */,
				930952C529A0530500D75175 /* Top Bar Group */,
				930952C629A0532A00D75175 /* To Do Group */,
				93095291299DD5D600D75175 /* Assets.xcassets */,
				93095293299DD5D600D75175 /* Preview Content */,
			);
			path = BetterCalendar1.1;
			sourceTree = "<group>";
		};
		93095293299DD5D600D75175 /* Preview Content */ = {
			isa = PBXGroup;
			children = (
				93095294299DD5D600D75175 /* Preview Assets.xcassets */,
			);
			path = "Preview Content";
			sourceTree = "<group>";
		};
		9309529D299DD5D600D75175 /* BetterCalendar1.1Tests */ = {
			isa = PBXGroup;
			children = (
				9309529E299DD5D600D75175 /* BetterCalendar1_1Tests.swift */,
			);
			path = BetterCalendar1.1Tests;
			sourceTree = "<group>";
		};
		930952A7299DD5D600D75175 /* BetterCalendar1.1UITests */ = {
			isa = PBXGroup;
			children = (
				930952A8299DD5D600D75175 /* BetterCalendar1_1UITests.swift */,
				930952AA299DD5D600D75175 /* BetterCalendar1_1UITestsLaunchTests.swift */,
			);
			path = BetterCalendar1.1UITests;
			sourceTree = "<group>";
		};
		930952C329A052EE00D75175 /* Main Group */ = {
			isa = PBXGroup;
			children = (
				930952BD29A0408300D75175 /* MainView.swift */,
				930952BB29A0406100D75175 /* MainData.swift */,
			);
			path = "Main Group";
			sourceTree = "<group>";
		};
		930952C529A0530500D75175 /* Top Bar Group */ = {
			isa = PBXGroup;
			children = (
				930952BF29A0417000D75175 /* TopBarView.swift */,
				930952C129A0417D00D75175 /* TopBarData.swift */,
			);
			path = "Top Bar Group";
			sourceTree = "<group>";
		};
		930952C629A0532A00D75175 /* To Do Group */ = {
			isa = PBXGroup;
			children = (
				930952B729A0400D00D75175 /* ToDoView.swift */,
				93A5ED2129AD7B2600FD9A63 /* Calander Group */,
				93A5ED1329A82F0E00FD9A63 /* To Do Data */,
				93A5ED2029A9AFE500FD9A63 /* New Task Group */,
			);
			path = "To Do Group";
			sourceTree = "<group>";
		};
		93A5ED1329A82F0E00FD9A63 /* To Do Data */ = {
			isa = PBXGroup;
			children = (
				93A5ED1429A82F6700FD9A63 /* ToDoVariables.swift */,
				93A5ED1A29A8302C00FD9A63 /* ToDoFunctionsAlgoritms.swift */,
				93A5ED1C29A8304C00FD9A63 /* ToDoFunctionsViews.swift */,
				93A5ED1829A82F8500FD9A63 /* ToDoStructs.swift */,
			);
			path = "To Do Data";
			sourceTree = "<group>";
		};
		93A5ED2029A9AFE500FD9A63 /* New Task Group */ = {
			isa = PBXGroup;
			children = (
				930952C729A0607C00D75175 /* NewTaskView.swift */,
				930952C929A0609100D75175 /* NewTaskData.swift */,
			);
			path = "New Task Group";
			sourceTree = "<group>";
		};
		93A5ED2129AD7B2600FD9A63 /* Calander Group */ = {
			isa = PBXGroup;
			children = (
				93A5ED2229AD7B4700FD9A63 /* CalanderView.swift */,
			);
			path = "Calander Group";
			sourceTree = "<group>";
		};
/* End PBXGroup section */

/* Begin PBXNativeTarget section */
		93095289299DD5D400D75175 /* BetterCalendar1.1 */ = {
			isa = PBXNativeTarget;
			buildConfigurationList = 930952AE299DD5D600D75175 /* Build configuration list for PBXNativeTarget "BetterCalendar1.1" */;
			buildPhases = (
				93095286299DD5D400D75175 /* Sources */,
				93095287299DD5D400D75175 /* Frameworks */,
				93095288299DD5D400D75175 /* Resources */,
			);
			buildRules = (
			);
			dependencies = (
			);
			name = BetterCalendar1.1;
			productName = BetterCalendar1.1;
			productReference = 9309528A299DD5D400D75175 /* BetterCalendar1.1.app */;
			productType = "com.apple.product-type.application";
		};
		93095299299DD5D600D75175 /* BetterCalendar1.1Tests */ = {
			isa = PBXNativeTarget;
			buildConfigurationList = 930952B1299DD5D600D75175 /* Build configuration list for PBXNativeTarget "BetterCalendar1.1Tests" */;
			buildPhases = (
				93095296299DD5D600D75175 /* Sources */,
				93095297299DD5D600D75175 /* Frameworks */,
				93095298299DD5D600D75175 /* Resources */,
			);
			buildRules = (
			);
			dependencies = (
				9309529C299DD5D600D75175 /* PBXTargetDependency */,
			);
			name = BetterCalendar1.1Tests;
			productName = BetterCalendar1.1Tests;
			productReference = 9309529A299DD5D600D75175 /* BetterCalendar1.1Tests.xctest */;
			productType = "com.apple.product-type.bundle.unit-test";
		};
		930952A3299DD5D600D75175 /* BetterCalendar1.1UITests */ = {
			isa = PBXNativeTarget;
			buildConfigurationList = 930952B4299DD5D600D75175 /* Build configuration list for PBXNativeTarget "BetterCalendar1.1UITests" */;
			buildPhases = (
				930952A0299DD5D600D75175 /* Sources */,
				930952A1299DD5D600D75175 /* Frameworks */,
				930952A2299DD5D600D75175 /* Resources */,
			);
			buildRules = (
			);
			dependencies = (
				930952A6299DD5D600D75175 /* PBXTargetDependency */,
			);
			name = BetterCalendar1.1UITests;
			productName = BetterCalendar1.1UITests;
			productReference = 930952A4299DD5D600D75175 /* BetterCalendar1.1UITests.xctest */;
			productType = "com.apple.product-type.bundle.ui-testing";
		};
/* End PBXNativeTarget section */

/* Begin PBXProject section */
		93095282299DD5D400D75175 /* Project object */ = {
			isa = PBXProject;
			attributes = {
				BuildIndependentTargetsInParallel = 1;
				LastSwiftUpdateCheck = 1420;
				LastUpgradeCheck = 1420;
				TargetAttributes = {
					93095289299DD5D400D75175 = {
						CreatedOnToolsVersion = 14.2;
					};
					93095299299DD5D600D75175 = {
						CreatedOnToolsVersion = 14.2;
						TestTargetID = 93095289299DD5D400D75175;
					};
					930952A3299DD5D600D75175 = {
						CreatedOnToolsVersion = 14.2;
						TestTargetID = 93095289299DD5D400D75175;
					};
				};
			};
			buildConfigurationList = 93095285299DD5D400D75175 /* Build configuration list for PBXProject "BetterCalendar1.1" */;
			compatibilityVersion = "Xcode 14.0";
			developmentRegion = en;
			hasScannedForEncodings = 0;
			knownRegions = (
				en,
				Base,
			);
			mainGroup = 93095281299DD5D400D75175;
			productRefGroup = 9309528B299DD5D400D75175 /* Products */;
			projectDirPath = "";
			projectRoot = "";
			targets = (
				93095289299DD5D400D75175 /* BetterCalendar1.1 */,
				93095299299DD5D600D75175 /* BetterCalendar1.1Tests */,
				930952A3299DD5D600D75175 /* BetterCalendar1.1UITests */,
			);
		};
/* End PBXProject section */

/* Begin PBXResourcesBuildPhase section */
		93095288299DD5D400D75175 /* Resources */ = {
			isa = PBXResourcesBuildPhase;
			buildActionMask = 2147483647;
			files = (
				93095295299DD5D600D75175 /* Preview Assets.xcassets in Resources */,
				93095292299DD5D600D75175 /* Assets.xcassets in Resources */,
			);
			runOnlyForDeploymentPostprocessing = 0;
		};
		93095298299DD5D600D75175 /* Resources */ = {
			isa = PBXResourcesBuildPhase;
			buildActionMask = 2147483647;
			files = (
			);
			runOnlyForDeploymentPostprocessing = 0;
		};
		930952A2299DD5D600D75175 /* Resources */ = {
			isa = PBXResourcesBuildPhase;
			buildActionMask = 2147483647;
			files = (
			);
			runOnlyForDeploymentPostprocessing = 0;
		};
/* End PBXResourcesBuildPhase section */

/* Begin PBXSourcesBuildPhase section */
		93095286299DD5D400D75175 /* Sources */ = {
			isa = PBXSourcesBuildPhase;
			buildActionMask = 2147483647;
			files = (
				930952BC29A0406100D75175 /* MainData.swift in Sources */,
				930952CA29A0609100D75175 /* NewTaskData.swift in Sources */,
				93A5ED1D29A8304C00FD9A63 /* ToDoFunctionsViews.swift in Sources */,
				930952BE29A0408300D75175 /* MainView.swift in Sources */,
				93A5ED1B29A8302C00FD9A63 /* ToDoFunctionsAlgoritms.swift in Sources */,
				930952C829A0607C00D75175 /* NewTaskView.swift in Sources */,
				93A5ED1529A82F6700FD9A63 /* ToDoVariables.swift in Sources */,
				93095290299DD5D400D75175 /* ContentView.swift in Sources */,
				93A5ED2329AD7B4700FD9A63 /* CalanderView.swift in Sources */,
				930952C029A0417000D75175 /* TopBarView.swift in Sources */,
				930952C229A0417D00D75175 /* TopBarData.swift in Sources */,
				930952B829A0400D00D75175 /* ToDoView.swift in Sources */,
				93A5ED1929A82F8500FD9A63 /* ToDoStructs.swift in Sources */,
				9309528E299DD5D400D75175 /* BetterCalendar1_1App.swift in Sources */,
			);
			runOnlyForDeploymentPostprocessing = 0;
		};
		93095296299DD5D600D75175 /* Sources */ = {
			isa = PBXSourcesBuildPhase;
			buildActionMask = 2147483647;
			files = (
				9309529F299DD5D600D75175 /* BetterCalendar1_1Tests.swift in Sources */,
			);
			runOnlyForDeploymentPostprocessing = 0;
		};
		930952A0299DD5D600D75175 /* Sources */ = {
			isa = PBXSourcesBuildPhase;
			buildActionMask = 2147483647;
			files = (
				930952AB299DD5D600D75175 /* BetterCalendar1_1UITestsLaunchTests.swift in Sources */,
				930952A9299DD5D600D75175 /* BetterCalendar1_1UITests.swift in Sources */,
			);
			runOnlyForDeploymentPostprocessing = 0;
		};
/* End PBXSourcesBuildPhase section */

/* Begin PBXTargetDependency section */
		9309529C299DD5D600D75175 /* PBXTargetDependency */ = {
			isa = PBXTargetDependency;
			target = 93095289299DD5D400D75175 /* BetterCalendar1.1 */;
			targetProxy = 9309529B299DD5D600D75175 /* PBXContainerItemProxy */;
		};
		930952A6299DD5D600D75175 /* PBXTargetDependency */ = {
			isa = PBXTargetDependency;
			target = 93095289299DD5D400D75175 /* BetterCalendar1.1 */;
			targetProxy = 930952A5299DD5D600D75175 /* PBXContainerItemProxy */;
		};
/* End PBXTargetDependency section */

/* Begin XCBuildConfiguration section */
		930952AC299DD5D600D75175 /* Debug */ = {
			isa = XCBuildConfiguration;
			buildSettings = {
				ALWAYS_SEARCH_USER_PATHS = NO;
				CLANG_ANALYZER_NONNULL = YES;
				CLANG_ANALYZER_NUMBER_OBJECT_CONVERSION = YES_AGGRESSIVE;
				CLANG_CXX_LANGUAGE_STANDARD = "gnu++20";
				CLANG_ENABLE_MODULES = YES;
				CLANG_ENABLE_OBJC_ARC = YES;
				CLANG_ENABLE_OBJC_WEAK = YES;
				CLANG_WARN_BLOCK_CAPTURE_AUTORELEASING = YES;
				CLANG_WARN_BOOL_CONVERSION = YES;
				CLANG_WARN_COMMA = YES;
				CLANG_WARN_CONSTANT_CONVERSION = YES;
				CLANG_WARN_DEPRECATED_OBJC_IMPLEMENTATIONS = YES;
				CLANG_WARN_DIRECT_OBJC_ISA_USAGE = YES_ERROR;
				CLANG_WARN_DOCUMENTATION_COMMENTS = YES;
				CLANG_WARN_EMPTY_BODY = YES;
				CLANG_WARN_ENUM_CONVERSION = YES;
				CLANG_WARN_INFINITE_RECURSION = YES;
				CLANG_WARN_INT_CONVERSION = YES;
				CLANG_WARN_NON_LITERAL_NULL_CONVERSION = YES;
				CLANG_WARN_OBJC_IMPLICIT_RETAIN_SELF = YES;
				CLANG_WARN_OBJC_LITERAL_CONVERSION = YES;
				CLANG_WARN_OBJC_ROOT_CLASS = YES_ERROR;
				CLANG_WARN_QUOTED_INCLUDE_IN_FRAMEWORK_HEADER = YES;
				CLANG_WARN_RANGE_LOOP_ANALYSIS = YES;
				CLANG_WARN_STRICT_PROTOTYPES = YES;
				CLANG_WARN_SUSPICIOUS_MOVE = YES;
				CLANG_WARN_UNGUARDED_AVAILABILITY = YES_AGGRESSIVE;
				CLANG_WARN_UNREACHABLE_CODE = YES;
				CLANG_WARN__DUPLICATE_METHOD_MATCH = YES;
				COPY_PHASE_STRIP = NO;
				DEBUG_INFORMATION_FORMAT = dwarf;
				ENABLE_STRICT_OBJC_MSGSEND = YES;
				ENABLE_TESTABILITY = YES;
				GCC_C_LANGUAGE_STANDARD = gnu11;
				GCC_DYNAMIC_NO_PIC = NO;
				GCC_NO_COMMON_BLOCKS = YES;
				GCC_OPTIMIZATION_LEVEL = 0;
				GCC_PREPROCESSOR_DEFINITIONS = (
					"DEBUG=1",
					"$(inherited)",
				);
				GCC_WARN_64_TO_32_BIT_CONVERSION = YES;
				GCC_WARN_ABOUT_RETURN_TYPE = YES_ERROR;
				GCC_WARN_UNDECLARED_SELECTOR = YES;
				GCC_WARN_UNINITIALIZED_AUTOS = YES_AGGRESSIVE;
				GCC_WARN_UNUSED_FUNCTION = YES;
				GCC_WARN_UNUSED_VARIABLE = YES;
				IPHONEOS_DEPLOYMENT_TARGET = 16.2;
				MTL_ENABLE_DEBUG_INFO = INCLUDE_SOURCE;
				MTL_FAST_MATH = YES;
				ONLY_ACTIVE_ARCH = YES;
				SDKROOT = iphoneos;
				SWIFT_ACTIVE_COMPILATION_CONDITIONS = DEBUG;
				SWIFT_OPTIMIZATION_LEVEL = "-Onone";
			};
			name = Debug;
		};
		930952AD299DD5D600D75175 /* Release */ = {
			isa = XCBuildConfiguration;
			buildSettings = {
				ALWAYS_SEARCH_USER_PATHS = NO;
				CLANG_ANALYZER_NONNULL = YES;
				CLANG_ANALYZER_NUMBER_OBJECT_CONVERSION = YES_AGGRESSIVE;
				CLANG_CXX_LANGUAGE_STANDARD = "gnu++20";
				CLANG_ENABLE_MODULES = YES;
				CLANG_ENABLE_OBJC_ARC = YES;
				CLANG_ENABLE_OBJC_WEAK = YES;
				CLANG_WARN_BLOCK_CAPTURE_AUTORELEASING = YES;
				CLANG_WARN_BOOL_CONVERSION = YES;
				CLANG_WARN_COMMA = YES;
				CLANG_WARN_CONSTANT_CONVERSION = YES;
				CLANG_WARN_DEPRECATED_OBJC_IMPLEMENTATIONS = YES;
				CLANG_WARN_DIRECT_OBJC_ISA_USAGE = YES_ERROR;
				CLANG_WARN_DOCUMENTATION_COMMENTS = YES;
				CLANG_WARN_EMPTY_BODY = YES;
				CLANG_WARN_ENUM_CONVERSION = YES;
				CLANG_WARN_INFINITE_RECURSION = YES;
				CLANG_WARN_INT_CONVERSION = YES;
				CLANG_WARN_NON_LITERAL_NULL_CONVERSION = YES;
				CLANG_WARN_OBJC_IMPLICIT_RETAIN_SELF = YES;
				CLANG_WARN_OBJC_LITERAL_CONVERSION = YES;
				CLANG_WARN_OBJC_ROOT_CLASS = YES_ERROR;
				CLANG_WARN_QUOTED_INCLUDE_IN_FRAMEWORK_HEADER = YES;
				CLANG_WARN_RANGE_LOOP_ANALYSIS = YES;
				CLANG_WARN_STRICT_PROTOTYPES = YES;
				CLANG_WARN_SUSPICIOUS_MOVE = YES;
				CLANG_WARN_UNGUARDED_AVAILABILITY = YES_AGGRESSIVE;
				CLANG_WARN_UNREACHABLE_CODE = YES;
				CLANG_WARN__DUPLICATE_METHOD_MATCH = YES;
				COPY_PHASE_STRIP = NO;
				DEBUG_INFORMATION_FORMAT = "dwarf-with-dsym";
				ENABLE_NS_ASSERTIONS = NO;
				ENABLE_STRICT_OBJC_MSGSEND = YES;
				GCC_C_LANGUAGE_STANDARD = gnu11;
				GCC_NO_COMMON_BLOCKS = YES;
				GCC_WARN_64_TO_32_BIT_CONVERSION = YES;
				GCC_WARN_ABOUT_RETURN_TYPE = YES_ERROR;
				GCC_WARN_UNDECLARED_SELECTOR = YES;
				GCC_WARN_UNINITIALIZED_AUTOS = YES_AGGRESSIVE;
				GCC_WARN_UNUSED_FUNCTION = YES;
				GCC_WARN_UNUSED_VARIABLE = YES;
				IPHONEOS_DEPLOYMENT_TARGET = 16.2;
				MTL_ENABLE_DEBUG_INFO = NO;
				MTL_FAST_MATH = YES;
				SDKROOT = iphoneos;
				SWIFT_COMPILATION_MODE = wholemodule;
				SWIFT_OPTIMIZATION_LEVEL = "-O";
				VALIDATE_PRODUCT = YES;
			};
			name = Release;
		};
		930952AF299DD5D600D75175 /* Debug */ = {
			isa = XCBuildConfiguration;
			buildSettings = {
				ASSETCATALOG_COMPILER_APPICON_NAME = AppIcon;
				ASSETCATALOG_COMPILER_GLOBAL_ACCENT_COLOR_NAME = AccentColor;
				CODE_SIGN_STYLE = Automatic;
				CURRENT_PROJECT_VERSION = 1;
				DEVELOPMENT_ASSET_PATHS = "\"BetterCalendar1.1/Preview Content\"";
				DEVELOPMENT_TEAM = 88QXZ7Z495;
				ENABLE_PREVIEWS = YES;
				GENERATE_INFOPLIST_FILE = YES;
				INFOPLIST_KEY_CFBundleDisplayName = "Better Calendar";
				INFOPLIST_KEY_UIApplicationSceneManifest_Generation = YES;
				INFOPLIST_KEY_UIApplicationSupportsIndirectInputEvents = YES;
				INFOPLIST_KEY_UILaunchScreen_Generation = YES;
				INFOPLIST_KEY_UISupportedInterfaceOrientations_iPad = "UIInterfaceOrientationPortrait UIInterfaceOrientationPortraitUpsideDown UIInterfaceOrientationLandscapeLeft UIInterfaceOrientationLandscapeRight";
				INFOPLIST_KEY_UISupportedInterfaceOrientations_iPhone = "UIInterfaceOrientationPortrait UIInterfaceOrientationLandscapeLeft UIInterfaceOrientationLandscapeRight";
				LD_RUNPATH_SEARCH_PATHS = (
					"$(inherited)",
					"@executable_path/Frameworks",
				);
				MARKETING_VERSION = 1.0;
				PRODUCT_BUNDLE_IDENTIFIER = "Synclaire.BetterCalendar1-1";
				PRODUCT_NAME = "$(TARGET_NAME)";
				SWIFT_EMIT_LOC_STRINGS = YES;
				SWIFT_VERSION = 5.0;
				TARGETED_DEVICE_FAMILY = "1,2";
			};
			name = Debug;
		};
		930952B0299DD5D600D75175 /* Release */ = {
			isa = XCBuildConfiguration;
			buildSettings = {
				ASSETCATALOG_COMPILER_APPICON_NAME = AppIcon;
				ASSETCATALOG_COMPILER_GLOBAL_ACCENT_COLOR_NAME = AccentColor;
				CODE_SIGN_STYLE = Automatic;
				CURRENT_PROJECT_VERSION = 1;
				DEVELOPMENT_ASSET_PATHS = "\"BetterCalendar1.1/Preview Content\"";
				DEVELOPMENT_TEAM = 88QXZ7Z495;
				ENABLE_PREVIEWS = YES;
				GENERATE_INFOPLIST_FILE = YES;
				INFOPLIST_KEY_CFBundleDisplayName = "Better Calendar";
				INFOPLIST_KEY_UIApplicationSceneManifest_Generation = YES;
				INFOPLIST_KEY_UIApplicationSupportsIndirectInputEvents = YES;
				INFOPLIST_KEY_UILaunchScreen_Generation = YES;
				INFOPLIST_KEY_UISupportedInterfaceOrientations_iPad = "UIInterfaceOrientationPortrait UIInterfaceOrientationPortraitUpsideDown UIInterfaceOrientationLandscapeLeft UIInterfaceOrientationLandscapeRight";
				INFOPLIST_KEY_UISupportedInterfaceOrientations_iPhone = "UIInterfaceOrientationPortrait UIInterfaceOrientationLandscapeLeft UIInterfaceOrientationLandscapeRight";
				LD_RUNPATH_SEARCH_PATHS = (
					"$(inherited)",
					"@executable_path/Frameworks",
				);
				MARKETING_VERSION = 1.0;
				PRODUCT_BUNDLE_IDENTIFIER = "Synclaire.BetterCalendar1-1";
				PRODUCT_NAME = "$(TARGET_NAME)";
				SWIFT_EMIT_LOC_STRINGS = YES;
				SWIFT_VERSION = 5.0;
				TARGETED_DEVICE_FAMILY = "1,2";
			};
			name = Release;
		};
		930952B2299DD5D600D75175 /* Debug */ = {
			isa = XCBuildConfiguration;
			buildSettings = {
				ALWAYS_EMBED_SWIFT_STANDARD_LIBRARIES = YES;
				BUNDLE_LOADER = "$(TEST_HOST)";
				CODE_SIGN_STYLE = Automatic;
				CURRENT_PROJECT_VERSION = 1;
				DEVELOPMENT_TEAM = 88QXZ7Z495;
				GENERATE_INFOPLIST_FILE = YES;
				IPHONEOS_DEPLOYMENT_TARGET = 16.2;
				MARKETING_VERSION = 1.0;
				PRODUCT_BUNDLE_IDENTIFIER = "Synclaire.BetterCalendar1-1Tests";
				PRODUCT_NAME = "$(TARGET_NAME)";
				SWIFT_EMIT_LOC_STRINGS = NO;
				SWIFT_VERSION = 5.0;
				TARGETED_DEVICE_FAMILY = "1,2";
				TEST_HOST = "$(BUILT_PRODUCTS_DIR)/BetterCalendar1.1.app/$(BUNDLE_EXECUTABLE_FOLDER_PATH)/BetterCalendar1.1";
			};
			name = Debug;
		};
		930952B3299DD5D600D75175 /* Release */ = {
			isa = XCBuildConfiguration;
			buildSettings = {
				ALWAYS_EMBED_SWIFT_STANDARD_LIBRARIES = YES;
				BUNDLE_LOADER = "$(TEST_HOST)";
				CODE_SIGN_STYLE = Automatic;
				CURRENT_PROJECT_VERSION = 1;
				DEVELOPMENT_TEAM = 88QXZ7Z495;
				GENERATE_INFOPLIST_FILE = YES;
				IPHONEOS_DEPLOYMENT_TARGET = 16.2;
				MARKETING_VERSION = 1.0;
				PRODUCT_BUNDLE_IDENTIFIER = "Synclaire.BetterCalendar1-1Tests";
				PRODUCT_NAME = "$(TARGET_NAME)";
				SWIFT_EMIT_LOC_STRINGS = NO;
				SWIFT_VERSION = 5.0;
				TARGETED_DEVICE_FAMILY = "1,2";
				TEST_HOST = "$(BUILT_PRODUCTS_DIR)/BetterCalendar1.1.app/$(BUNDLE_EXECUTABLE_FOLDER_PATH)/BetterCalendar1.1";
			};
			name = Release;
		};
		930952B5299DD5D600D75175 /* Debug */ = {
			isa = XCBuildConfiguration;
			buildSettings = {
				ALWAYS_EMBED_SWIFT_STANDARD_LIBRARIES = YES;
				CODE_SIGN_STYLE = Automatic;
				CURRENT_PROJECT_VERSION = 1;
				DEVELOPMENT_TEAM = 88QXZ7Z495;
				GENERATE_INFOPLIST_FILE = YES;
				MARKETING_VERSION = 1.0;
				PRODUCT_BUNDLE_IDENTIFIER = "Synclaire.BetterCalendar1-1UITests";
				PRODUCT_NAME = "$(TARGET_NAME)";
				SWIFT_EMIT_LOC_STRINGS = NO;
				SWIFT_VERSION = 5.0;
				TARGETED_DEVICE_FAMILY = "1,2";
				TEST_TARGET_NAME = BetterCalendar1.1;
			};
			name = Debug;
		};
		930952B6299DD5D600D75175 /* Release */ = {
			isa = XCBuildConfiguration;
			buildSettings = {
				ALWAYS_EMBED_SWIFT_STANDARD_LIBRARIES = YES;
				CODE_SIGN_STYLE = Automatic;
				CURRENT_PROJECT_VERSION = 1;
				DEVELOPMENT_TEAM = 88QXZ7Z495;
				GENERATE_INFOPLIST_FILE = YES;
				MARKETING_VERSION = 1.0;
				PRODUCT_BUNDLE_IDENTIFIER = "Synclaire.BetterCalendar1-1UITests";
				PRODUCT_NAME = "$(TARGET_NAME)";
				SWIFT_EMIT_LOC_STRINGS = NO;
				SWIFT_VERSION = 5.0;
				TARGETED_DEVICE_FAMILY = "1,2";
				TEST_TARGET_NAME = BetterCalendar1.1;
			};
			name = Release;
		};
/* End XCBuildConfiguration section */

/* Begin XCConfigurationList section */
		93095285299DD5D400D75175 /* Build configuration list for PBXProject "BetterCalendar1.1" */ = {
			isa = XCConfigurationList;
			buildConfigurations = (
				930952AC299DD5D600D75175 /* Debug */,
				930952AD299DD5D600D75175 /* Release */,
			);
			defaultConfigurationIsVisible = 0;
			defaultConfigurationName = Release;
		};
		930952AE299DD5D600D75175 /* Build configuration list for PBXNativeTarget "BetterCalendar1.1" */ = {
			isa = XCConfigurationList;
			buildConfigurations = (
				930952AF299DD5D600D75175 /* Debug */,
				930952B0299DD5D600D75175 /* Release */,
			);
			defaultConfigurationIsVisible = 0;
			defaultConfigurationName = Release;
		};
		930952B1299DD5D600D75175 /* Build configuration list for PBXNativeTarget "BetterCalendar1.1Tests" */ = {
			isa = XCConfigurationList;
			buildConfigurations = (
				930952B2299DD5D600D75175 /* Debug */,
				930952B3299DD5D600D75175 /* Release */,
			);
			defaultConfigurationIsVisible = 0;
			defaultConfigurationName = Release;
		};
		930952B4299DD5D600D75175 /* Build configuration list for PBXNativeTarget "BetterCalendar1.1UITests" */ = {
			isa = XCConfigurationList;
			buildConfigurations = (
				930952B5299DD5D600D75175 /* Debug */,
				930952B6299DD5D600D75175 /* Release */,
			);
			defaultConfigurationIsVisible = 0;
			defaultConfigurationName = Release;
		};
/* End XCConfigurationList section */
	};
	rootObject = 93095282299DD5D400D75175 /* Project object */;
}
